
Microsoft Visual Studio Solution File, Format Version 12.00
# Visual Studio Version 17
VisualStudioVersion = 17.11.35219.272
MinimumVisualStudioVersion = 10.0.40219.1
Project("{FAE04EC0-301F-11D3-BF4B-00C04F79EFBC}") = "SwiftMart", "SwiftMart\SwiftMart.csproj", "{4DD9BC74-C391-49D6-A212-69D6257B8B37}"
EndProject
Global
	GlobalSection(SolutionConfigurationPlatforms) = preSolution
		Debug|Any CPU = Debug|Any CPU
		Release|Any CPU = Release|Any CPU
	EndGlobalSection
	GlobalSection(ProjectConfigurationPlatforms) = postSolution
		{4DD9BC74-C391-49D6-A212-69D6257B8B37}.Debug|Any CPU.ActiveCfg = Debug|Any CPU
		{4DD9BC74-C391-49D6-A212-69D6257B8B37}.Debug|Any CPU.Build.0 = Debug|Any CPU
		{4DD9BC74-C391-49D6-A212-69D6257B8B37}.Release|Any CPU.ActiveCfg = Release|Any CPU
		{4DD9BC74-C391-49D6-A212-69D6257B8B37}.Release|Any CPU.Build.0 = Release|Any CPU
	EndGlobalSection
	GlobalSection(SolutionProperties) = preSolution
		HideSolutionNode = FALSE
	EndGlobalSection
	GlobalSection(ExtensibilityGlobals) = postSolution
		SolutionGuid = {7E476E51-695E-4D55-BD26-71A931F432D4}
	EndGlobalSection
EndGlobal
